
Microsoft Visual Studio Solution File, Format Version 12.00
# Visual Studio Version 17
VisualStudioVersion = 17.5.33627.172
MinimumVisualStudioVersion = 10.0.40219.1
Project("{2150E333-8FDC-42A3-9474-1A3956D46DE8}") = "src", "src", "{448A514A-EC61-472E-944F-B0947B8A28BD}"
EndProject
Project("{2150E333-8FDC-42A3-9474-1A3956D46DE8}") = "test", "test", "{B8E29199-6F18-449F-AB15-B1CBC89541DB}"
EndProject
Project("{FAE04EC0-301F-11D3-BF4B-00C04F79EFBC}") = "EnvironmentManager", "src\EnvironmentManager\EnvironmentManager.csproj", "{9AAE2122-4138-4088-9738-06E7A9EFD9DE}"
EndProject
Project("{FAE04EC0-301F-11D3-BF4B-00C04F79EFBC}") = "EnvironmentManager.Tests", "test\EnvironmentManager.Tests\EnvironmentManager.Tests.csproj", "{6C2536B0-4039-4E0E-A828-1553D2D0024D}"
EndProject
Global
	GlobalSection(SolutionConfigurationPlatforms) = preSolution
		Debug|Any CPU = Debug|Any CPU
		Release|Any CPU = Release|Any CPU
	EndGlobalSection
	GlobalSection(ProjectConfigurationPlatforms) = postSolution
		{9AAE2122-4138-4088-9738-06E7A9EFD9DE}.Debug|Any CPU.ActiveCfg = Debug|Any CPU
		{9AAE2122-4138-4088-9738-06E7A9EFD9DE}.Debug|Any CPU.Build.0 = Debug|Any CPU
		{9AAE2122-4138-4088-9738-06E7A9EFD9DE}.Release|Any CPU.ActiveCfg = Release|Any CPU
		{9AAE2122-4138-4088-9738-06E7A9EFD9DE}.Release|Any CPU.Build.0 = Release|Any CPU
		{6C2536B0-4039-4E0E-A828-1553D2D0024D}.Debug|Any CPU.ActiveCfg = Debug|Any CPU
		{6C2536B0-4039-4E0E-A828-1553D2D0024D}.Debug|Any CPU.Build.0 = Debug|Any CPU
		{6C2536B0-4039-4E0E-A828-1553D2D0024D}.Release|Any CPU.ActiveCfg = Release|Any CPU
		{6C2536B0-4039-4E0E-A828-1553D2D0024D}.Release|Any CPU.Build.0 = Release|Any CPU
	EndGlobalSection
	GlobalSection(SolutionProperties) = preSolution
		HideSolutionNode = FALSE
	EndGlobalSection
	GlobalSection(NestedProjects) = preSolution
		{9AAE2122-4138-4088-9738-06E7A9EFD9DE} = {448A514A-EC61-472E-944F-B0947B8A28BD}
		{6C2536B0-4039-4E0E-A828-1553D2D0024D} = {B8E29199-6F18-449F-AB15-B1CBC89541DB}
	EndGlobalSection
	GlobalSection(ExtensibilityGlobals) = postSolution
		SolutionGuid = {7F220494-0195-4002-9AE1-29728F1B65FC}
	EndGlobalSection
EndGlobal
